
Microsoft Visual Studio Solution File, Format Version 12.00
# Visual Studio 14
VisualStudioVersion = 14.0.25420.1
MinimumVisualStudioVersion = 10.0.40219.1
Project("{FAE04EC0-301F-11D3-BF4B-00C04F79EFBC}") = "Emaratech.Services.Scheduler", "Emaratech.Services.Scheduler\Emaratech.Services.Scheduler.csproj", "{EB3AB8BA-96E4-4B2E-964C-4EF8DE4C6A05}"
EndProject
Project("{FAE04EC0-301F-11D3-BF4B-00C04F79EFBC}") = "Emaratech.Services.Scheduler.Contracts", "Emaratech.Services.Scheduler.Contracts\Emaratech.Services.Scheduler.Contracts.csproj", "{663F783E-134C-41B0-BEFB-470F7B7DC7DD}"
EndProject
Project("{FAE04EC0-301F-11D3-BF4B-00C04F79EFBC}") = "Emaratech.Services.Scheduler.DataAccess", "Emaratech.Services.Scheduler.DataAccess\Emaratech.Services.Scheduler.DataAccess.csproj", "{5AA5425B-5392-4AA5-8488-5574B98B77DC}"
EndProject
Project("{FAE04EC0-301F-11D3-BF4B-00C04F79EFBC}") = "Emaratech.Services.Scheduler.Entities", "Emaratech.Services.Scheduler.Entities\Emaratech.Services.Scheduler.Entities.csproj", "{A99939FE-81C7-46C0-BB62-CD2658400D88}"
EndProject
Project("{FAE04EC0-301F-11D3-BF4B-00C04F79EFBC}") = "Emaratech.Services.Scheduler.WindowsService", "Emaratech.Services.Scheduler.WindowsService\Emaratech.Services.Scheduler.WindowsService.csproj", "{33BECE03-CC65-4247-842B-D56473CA266C}"
EndProject
Project("{FAE04EC0-301F-11D3-BF4B-00C04F79EFBC}") = "Emaratech.Services.Scheduler.DataAccess.Tests", "Emaratech.Services.Scheduler.DataAccess.Tests\Emaratech.Services.Scheduler.DataAccess.Tests.csproj", "{7DF195A4-32B9-4FD1-8388-972345D01E70}"
EndProject
Project("{54435603-DBB4-11D2-8724-00A0C9A8B90C}") = "Emaratech.Services.Scheduler.Installer", "Emaratech.Services.Scheduler.Installer\Emaratech.Services.Scheduler.Installer.vdproj", "{35F2B81C-0177-4609-897A-B8167CC64892}"
EndProject
Project("{FAE04EC0-301F-11D3-BF4B-00C04F79EFBC}") = "Emaratech.Services.Scheduler.JobManager", "Emaratech.Services.Scheduler.JobManager\Emaratech.Services.Scheduler.JobManager.csproj", "{93101ECC-E7CC-406E-8973-F0B9E6730F0D}"
EndProject
Global
	GlobalSection(SolutionConfigurationPlatforms) = preSolution
		CiklumDev|Any CPU = CiklumDev|Any CPU
		CiklumDev|x86 = CiklumDev|x86
		CiklumEnv|Any CPU = CiklumEnv|Any CPU
		CiklumEnv|x86 = CiklumEnv|x86
		CiklumStage|Any CPU = CiklumStage|Any CPU
		CiklumStage|x86 = CiklumStage|x86
		Debug_ednrd_prod|Any CPU = Debug_ednrd_prod|Any CPU
		Debug_ednrd_prod|x86 = Debug_ednrd_prod|x86
		Debug_ednrd_qmg|Any CPU = Debug_ednrd_qmg|Any CPU
		Debug_ednrd_qmg|x86 = Debug_ednrd_qmg|x86
		Debug_ednrd_staging|Any CPU = Debug_ednrd_staging|Any CPU
		Debug_ednrd_staging|x86 = Debug_ednrd_staging|x86
		Debug_fis_qmg|Any CPU = Debug_fis_qmg|Any CPU
		Debug_fis_qmg|x86 = Debug_fis_qmg|x86
		Debug_seaport_qmg|Any CPU = Debug_seaport_qmg|Any CPU
		Debug_seaport_qmg|x86 = Debug_seaport_qmg|x86
		debug_unified_dev|Any CPU = debug_unified_dev|Any CPU
		debug_unified_dev|x86 = debug_unified_dev|x86
		Debug_unified_qmg|Any CPU = Debug_unified_qmg|Any CPU
		Debug_unified_qmg|x86 = Debug_unified_qmg|x86
		Debug|Any CPU = Debug|Any CPU
		Debug|x86 = Debug|x86
		EmaratechDev|Any CPU = EmaratechDev|Any CPU
		EmaratechDev|x86 = EmaratechDev|x86
		EmaratechDevServer|Any CPU = EmaratechDevServer|Any CPU
		EmaratechDevServer|x86 = EmaratechDevServer|x86
		Release_ednrd_prod|Any CPU = Release_ednrd_prod|Any CPU
		Release_ednrd_prod|x86 = Release_ednrd_prod|x86
		Release_ednrd_qmg|Any CPU = Release_ednrd_qmg|Any CPU
		Release_ednrd_qmg|x86 = Release_ednrd_qmg|x86
		Release_ednrd_staging|Any CPU = Release_ednrd_staging|Any CPU
		Release_ednrd_staging|x86 = Release_ednrd_staging|x86
		Release_unified_prod|Any CPU = Release_unified_prod|Any CPU
		Release_unified_prod|x86 = Release_unified_prod|x86
		Release_unified_staging|Any CPU = Release_unified_staging|Any CPU
		Release_unified_staging|x86 = Release_unified_staging|x86
		Release|Any CPU = Release|Any CPU
		Release|x86 = Release|x86
		SingleImage|Any CPU = SingleImage|Any CPU
		SingleImage|x86 = SingleImage|x86
	EndGlobalSection
	GlobalSection(ProjectConfigurationPlatforms) = postSolution
		{EB3AB8BA-96E4-4B2E-964C-4EF8DE4C6A05}.CiklumDev|Any CPU.ActiveCfg = Release|Any CPU
		{EB3AB8BA-96E4-4B2E-964C-4EF8DE4C6A05}.CiklumDev|Any CPU.Build.0 = Release|Any CPU
		{EB3AB8BA-96E4-4B2E-964C-4EF8DE4C6A05}.CiklumDev|x86.ActiveCfg = EmaratechDev|Any CPU
		{EB3AB8BA-96E4-4B2E-964C-4EF8DE4C6A05}.CiklumEnv|Any CPU.ActiveCfg = EmaratechDev|Any CPU
		{EB3AB8BA-96E4-4B2E-964C-4EF8DE4C6A05}.CiklumEnv|x86.ActiveCfg = EmaratechDev|Any CPU
		{EB3AB8BA-96E4-4B2E-964C-4EF8DE4C6A05}.CiklumStage|Any CPU.ActiveCfg = Release|Any CPU
		{EB3AB8BA-96E4-4B2E-964C-4EF8DE4C6A05}.CiklumStage|Any CPU.Build.0 = Release|Any CPU
		{EB3AB8BA-96E4-4B2E-964C-4EF8DE4C6A05}.CiklumStage|x86.ActiveCfg = EmaratechDev|Any CPU
		{EB3AB8BA-96E4-4B2E-964C-4EF8DE4C6A05}.Debug_ednrd_prod|Any CPU.ActiveCfg = Debug|Any CPU
		{EB3AB8BA-96E4-4B2E-964C-4EF8DE4C6A05}.Debug_ednrd_prod|x86.ActiveCfg = Debug|Any CPU
		{EB3AB8BA-96E4-4B2E-964C-4EF8DE4C6A05}.Debug_ednrd_qmg|Any CPU.ActiveCfg = Debug|Any CPU
		{EB3AB8BA-96E4-4B2E-964C-4EF8DE4C6A05}.Debug_ednrd_qmg|x86.ActiveCfg = Debug|Any CPU
		{EB3AB8BA-96E4-4B2E-964C-4EF8DE4C6A05}.Debug_ednrd_staging|Any CPU.ActiveCfg = Debug|Any CPU
		{EB3AB8BA-96E4-4B2E-964C-4EF8DE4C6A05}.Debug_ednrd_staging|x86.ActiveCfg = Debug|Any CPU
		{EB3AB8BA-96E4-4B2E-964C-4EF8DE4C6A05}.Debug_fis_qmg|Any CPU.ActiveCfg = Debug|Any CPU
		{EB3AB8BA-96E4-4B2E-964C-4EF8DE4C6A05}.Debug_fis_qmg|x86.ActiveCfg = Debug|Any CPU
		{EB3AB8BA-96E4-4B2E-964C-4EF8DE4C6A05}.Debug_seaport_qmg|Any CPU.ActiveCfg = Debug|Any CPU
		{EB3AB8BA-96E4-4B2E-964C-4EF8DE4C6A05}.Debug_seaport_qmg|x86.ActiveCfg = Debug|Any CPU
		{EB3AB8BA-96E4-4B2E-964C-4EF8DE4C6A05}.debug_unified_dev|Any CPU.ActiveCfg = Debug|Any CPU
		{EB3AB8BA-96E4-4B2E-964C-4EF8DE4C6A05}.debug_unified_dev|x86.ActiveCfg = Debug|Any CPU
		{EB3AB8BA-96E4-4B2E-964C-4EF8DE4C6A05}.Debug_unified_qmg|Any CPU.ActiveCfg = Debug|Any CPU
		{EB3AB8BA-96E4-4B2E-964C-4EF8DE4C6A05}.Debug_unified_qmg|x86.ActiveCfg = Debug|Any CPU
		{EB3AB8BA-96E4-4B2E-964C-4EF8DE4C6A05}.Debug|Any CPU.ActiveCfg = Debug|Any CPU
		{EB3AB8BA-96E4-4B2E-964C-4EF8DE4C6A05}.Debug|Any CPU.Build.0 = Debug|Any CPU
		{EB3AB8BA-96E4-4B2E-964C-4EF8DE4C6A05}.Debug|x86.ActiveCfg = Debug|Any CPU
		{EB3AB8BA-96E4-4B2E-964C-4EF8DE4C6A05}.EmaratechDev|Any CPU.ActiveCfg = EmaratechDev|Any CPU
		{EB3AB8BA-96E4-4B2E-964C-4EF8DE4C6A05}.EmaratechDev|Any CPU.Build.0 = EmaratechDev|Any CPU
		{EB3AB8BA-96E4-4B2E-964C-4EF8DE4C6A05}.EmaratechDev|x86.ActiveCfg = EmaratechDev|Any CPU
		{EB3AB8BA-96E4-4B2E-964C-4EF8DE4C6A05}.EmaratechDevServer|Any CPU.ActiveCfg = EmaratechDev|Any CPU
		{EB3AB8BA-96E4-4B2E-964C-4EF8DE4C6A05}.EmaratechDevServer|x86.ActiveCfg = EmaratechDev|Any CPU
		{EB3AB8BA-96E4-4B2E-964C-4EF8DE4C6A05}.Release_ednrd_prod|Any CPU.ActiveCfg = Release|Any CPU
		{EB3AB8BA-96E4-4B2E-964C-4EF8DE4C6A05}.Release_ednrd_prod|x86.ActiveCfg = Release|Any CPU
		{EB3AB8BA-96E4-4B2E-964C-4EF8DE4C6A05}.Release_ednrd_qmg|Any CPU.ActiveCfg = Release|Any CPU
		{EB3AB8BA-96E4-4B2E-964C-4EF8DE4C6A05}.Release_ednrd_qmg|x86.ActiveCfg = Release|Any CPU
		{EB3AB8BA-96E4-4B2E-964C-4EF8DE4C6A05}.Release_ednrd_staging|Any CPU.ActiveCfg = Release|Any CPU
		{EB3AB8BA-96E4-4B2E-964C-4EF8DE4C6A05}.Release_ednrd_staging|x86.ActiveCfg = Release|Any CPU
		{EB3AB8BA-96E4-4B2E-964C-4EF8DE4C6A05}.Release_unified_prod|Any CPU.ActiveCfg = Release|Any CPU
		{EB3AB8BA-96E4-4B2E-964C-4EF8DE4C6A05}.Release_unified_prod|x86.ActiveCfg = Release|Any CPU
		{EB3AB8BA-96E4-4B2E-964C-4EF8DE4C6A05}.Release_unified_staging|Any CPU.ActiveCfg = Release|Any CPU
		{EB3AB8BA-96E4-4B2E-964C-4EF8DE4C6A05}.Release_unified_staging|x86.ActiveCfg = Release|Any CPU
		{EB3AB8BA-96E4-4B2E-964C-4EF8DE4C6A05}.Release|Any CPU.ActiveCfg = Release|Any CPU
		{EB3AB8BA-96E4-4B2E-964C-4EF8DE4C6A05}.Release|Any CPU.Build.0 = Release|Any CPU
		{EB3AB8BA-96E4-4B2E-964C-4EF8DE4C6A05}.Release|x86.ActiveCfg = Release|Any CPU
		{EB3AB8BA-96E4-4B2E-964C-4EF8DE4C6A05}.SingleImage|Any CPU.ActiveCfg = EmaratechDev|Any CPU
		{EB3AB8BA-96E4-4B2E-964C-4EF8DE4C6A05}.SingleImage|x86.ActiveCfg = EmaratechDev|Any CPU
		{663F783E-134C-41B0-BEFB-470F7B7DC7DD}.CiklumDev|Any CPU.ActiveCfg = Release|Any CPU
		{663F783E-134C-41B0-BEFB-470F7B7DC7DD}.CiklumDev|Any CPU.Build.0 = Release|Any CPU
		{663F783E-134C-41B0-BEFB-470F7B7DC7DD}.CiklumDev|x86.ActiveCfg = EmaratechDev|Any CPU
		{663F783E-134C-41B0-BEFB-470F7B7DC7DD}.CiklumEnv|Any CPU.ActiveCfg = EmaratechDev|Any CPU
		{663F783E-134C-41B0-BEFB-470F7B7DC7DD}.CiklumEnv|x86.ActiveCfg = EmaratechDev|Any CPU
		{663F783E-134C-41B0-BEFB-470F7B7DC7DD}.CiklumStage|Any CPU.ActiveCfg = Release|Any CPU
		{663F783E-134C-41B0-BEFB-470F7B7DC7DD}.CiklumStage|Any CPU.Build.0 = Release|Any CPU
		{663F783E-134C-41B0-BEFB-470F7B7DC7DD}.CiklumStage|x86.ActiveCfg = EmaratechDev|Any CPU
		{663F783E-134C-41B0-BEFB-470F7B7DC7DD}.Debug_ednrd_prod|Any CPU.ActiveCfg = Debug|Any CPU
		{663F783E-134C-41B0-BEFB-470F7B7DC7DD}.Debug_ednrd_prod|x86.ActiveCfg = Debug|Any CPU
		{663F783E-134C-41B0-BEFB-470F7B7DC7DD}.Debug_ednrd_qmg|Any CPU.ActiveCfg = Debug|Any CPU
		{663F783E-134C-41B0-BEFB-470F7B7DC7DD}.Debug_ednrd_qmg|x86.ActiveCfg = Debug|Any CPU
		{663F783E-134C-41B0-BEFB-470F7B7DC7DD}.Debug_ednrd_staging|Any CPU.ActiveCfg = Debug|Any CPU
		{663F783E-134C-41B0-BEFB-470F7B7DC7DD}.Debug_ednrd_staging|x86.ActiveCfg = Debug|Any CPU
		{663F783E-134C-41B0-BEFB-470F7B7DC7DD}.Debug_fis_qmg|Any CPU.ActiveCfg = Debug|Any CPU
		{663F783E-134C-41B0-BEFB-470F7B7DC7DD}.Debug_fis_qmg|x86.ActiveCfg = Debug|Any CPU
		{663F783E-134C-41B0-BEFB-470F7B7DC7DD}.Debug_seaport_qmg|Any CPU.ActiveCfg = Debug|Any CPU
		{663F783E-134C-41B0-BEFB-470F7B7DC7DD}.Debug_seaport_qmg|x86.ActiveCfg = Debug|Any CPU
		{663F783E-134C-41B0-BEFB-470F7B7DC7DD}.debug_unified_dev|Any CPU.ActiveCfg = Debug|Any CPU
		{663F783E-134C-41B0-BEFB-470F7B7DC7DD}.debug_unified_dev|x86.ActiveCfg = Debug|Any CPU
		{663F783E-134C-41B0-BEFB-470F7B7DC7DD}.Debug_unified_qmg|Any CPU.ActiveCfg = Debug|Any CPU
		{663F783E-134C-41B0-BEFB-470F7B7DC7DD}.Debug_unified_qmg|x86.ActiveCfg = Debug|Any CPU
		{663F783E-134C-41B0-BEFB-470F7B7DC7DD}.Debug|Any CPU.ActiveCfg = Debug|Any CPU
		{663F783E-134C-41B0-BEFB-470F7B7DC7DD}.Debug|Any CPU.Build.0 = Debug|Any CPU
		{663F783E-134C-41B0-BEFB-470F7B7DC7DD}.Debug|x86.ActiveCfg = Debug|Any CPU
		{663F783E-134C-41B0-BEFB-470F7B7DC7DD}.EmaratechDev|Any CPU.ActiveCfg = EmaratechDev|Any CPU
		{663F783E-134C-41B0-BEFB-470F7B7DC7DD}.EmaratechDev|Any CPU.Build.0 = EmaratechDev|Any CPU
		{663F783E-134C-41B0-BEFB-470F7B7DC7DD}.EmaratechDev|x86.ActiveCfg = EmaratechDev|Any CPU
		{663F783E-134C-41B0-BEFB-470F7B7DC7DD}.EmaratechDevServer|Any CPU.ActiveCfg = EmaratechDev|Any CPU
		{663F783E-134C-41B0-BEFB-470F7B7DC7DD}.EmaratechDevServer|x86.ActiveCfg = EmaratechDev|Any CPU
		{663F783E-134C-41B0-BEFB-470F7B7DC7DD}.Release_ednrd_prod|Any CPU.ActiveCfg = Release|Any CPU
		{663F783E-134C-41B0-BEFB-470F7B7DC7DD}.Release_ednrd_prod|x86.ActiveCfg = Release|Any CPU
		{663F783E-134C-41B0-BEFB-470F7B7DC7DD}.Release_ednrd_qmg|Any CPU.ActiveCfg = Release|Any CPU
		{663F783E-134C-41B0-BEFB-470F7B7DC7DD}.Release_ednrd_qmg|x86.ActiveCfg = Release|Any CPU
		{663F783E-134C-41B0-BEFB-470F7B7DC7DD}.Release_ednrd_staging|Any CPU.ActiveCfg = Release|Any CPU
		{663F783E-134C-41B0-BEFB-470F7B7DC7DD}.Release_ednrd_staging|x86.ActiveCfg = Release|Any CPU
		{663F783E-134C-41B0-BEFB-470F7B7DC7DD}.Release_unified_prod|Any CPU.ActiveCfg = Release|Any CPU
		{663F783E-134C-41B0-BEFB-470F7B7DC7DD}.Release_unified_prod|x86.ActiveCfg = Release|Any CPU
		{663F783E-134C-41B0-BEFB-470F7B7DC7DD}.Release_unified_staging|Any CPU.ActiveCfg = Release|Any CPU
		{663F783E-134C-41B0-BEFB-470F7B7DC7DD}.Release_unified_staging|x86.ActiveCfg = Release|Any CPU
		{663F783E-134C-41B0-BEFB-470F7B7DC7DD}.Release|Any CPU.ActiveCfg = Release|Any CPU
		{663F783E-134C-41B0-BEFB-470F7B7DC7DD}.Release|Any CPU.Build.0 = Release|Any CPU
		{663F783E-134C-41B0-BEFB-470F7B7DC7DD}.Release|x86.ActiveCfg = Release|Any CPU
		{663F783E-134C-41B0-BEFB-470F7B7DC7DD}.SingleImage|Any CPU.ActiveCfg = EmaratechDev|Any CPU
		{663F783E-134C-41B0-BEFB-470F7B7DC7DD}.SingleImage|x86.ActiveCfg = EmaratechDev|Any CPU
		{5AA5425B-5392-4AA5-8488-5574B98B77DC}.CiklumDev|Any CPU.ActiveCfg = Release|Any CPU
		{5AA5425B-5392-4AA5-8488-5574B98B77DC}.CiklumDev|Any CPU.Build.0 = Release|Any CPU
		{5AA5425B-5392-4AA5-8488-5574B98B77DC}.CiklumDev|x86.ActiveCfg = EmaratechDev|Any CPU
		{5AA5425B-5392-4AA5-8488-5574B98B77DC}.CiklumEnv|Any CPU.ActiveCfg = EmaratechDev|Any CPU
		{5AA5425B-5392-4AA5-8488-5574B98B77DC}.CiklumEnv|x86.ActiveCfg = EmaratechDev|Any CPU
		{5AA5425B-5392-4AA5-8488-5574B98B77DC}.CiklumStage|Any CPU.ActiveCfg = Release|Any CPU
		{5AA5425B-5392-4AA5-8488-5574B98B77DC}.CiklumStage|Any CPU.Build.0 = Release|Any CPU
		{5AA5425B-5392-4AA5-8488-5574B98B77DC}.CiklumStage|x86.ActiveCfg = EmaratechDev|Any CPU
		{5AA5425B-5392-4AA5-8488-5574B98B77DC}.Debug_ednrd_prod|Any CPU.ActiveCfg = Debug|Any CPU
		{5AA5425B-5392-4AA5-8488-5574B98B77DC}.Debug_ednrd_prod|x86.ActiveCfg = Debug|Any CPU
		{5AA5425B-5392-4AA5-8488-5574B98B77DC}.Debug_ednrd_qmg|Any CPU.ActiveCfg = Debug|Any CPU
		{5AA5425B-5392-4AA5-8488-5574B98B77DC}.Debug_ednrd_qmg|x86.ActiveCfg = Debug|Any CPU
		{5AA5425B-5392-4AA5-8488-5574B98B77DC}.Debug_ednrd_staging|Any CPU.ActiveCfg = Debug|Any CPU
		{5AA5425B-5392-4AA5-8488-5574B98B77DC}.Debug_ednrd_staging|x86.ActiveCfg = Debug|Any CPU
		{5AA5425B-5392-4AA5-8488-5574B98B77DC}.Debug_fis_qmg|Any CPU.ActiveCfg = Debug|Any CPU
		{5AA5425B-5392-4AA5-8488-5574B98B77DC}.Debug_fis_qmg|x86.ActiveCfg = Debug|Any CPU
		{5AA5425B-5392-4AA5-8488-5574B98B77DC}.Debug_seaport_qmg|Any CPU.ActiveCfg = Debug|Any CPU
		{5AA5425B-5392-4AA5-8488-5574B98B77DC}.Debug_seaport_qmg|x86.ActiveCfg = Debug|Any CPU
		{5AA5425B-5392-4AA5-8488-5574B98B77DC}.debug_unified_dev|Any CPU.ActiveCfg = Debug|Any CPU
		{5AA5425B-5392-4AA5-8488-5574B98B77DC}.debug_unified_dev|x86.ActiveCfg = Debug|Any CPU
		{5AA5425B-5392-4AA5-8488-5574B98B77DC}.Debug_unified_qmg|Any CPU.ActiveCfg = Debug|Any CPU
		{5AA5425B-5392-4AA5-8488-5574B98B77DC}.Debug_unified_qmg|x86.ActiveCfg = Debug|Any CPU
		{5AA5425B-5392-4AA5-8488-5574B98B77DC}.Debug|Any CPU.ActiveCfg = Debug|Any CPU
		{5AA5425B-5392-4AA5-8488-5574B98B77DC}.Debug|Any CPU.Build.0 = Debug|Any CPU
		{5AA5425B-5392-4AA5-8488-5574B98B77DC}.Debug|x86.ActiveCfg = Debug|Any CPU
		{5AA5425B-5392-4AA5-8488-5574B98B77DC}.EmaratechDev|Any CPU.ActiveCfg = EmaratechDev|Any CPU
		{5AA5425B-5392-4AA5-8488-5574B98B77DC}.EmaratechDev|Any CPU.Build.0 = EmaratechDev|Any CPU
		{5AA5425B-5392-4AA5-8488-5574B98B77DC}.EmaratechDev|x86.ActiveCfg = EmaratechDev|Any CPU
		{5AA5425B-5392-4AA5-8488-5574B98B77DC}.EmaratechDevServer|Any CPU.ActiveCfg = EmaratechDev|Any CPU
		{5AA5425B-5392-4AA5-8488-5574B98B77DC}.EmaratechDevServer|x86.ActiveCfg = EmaratechDev|Any CPU
		{5AA5425B-5392-4AA5-8488-5574B98B77DC}.Release_ednrd_prod|Any CPU.ActiveCfg = Release|Any CPU
		{5AA5425B-5392-4AA5-8488-5574B98B77DC}.Release_ednrd_prod|x86.ActiveCfg = Release|Any CPU
		{5AA5425B-5392-4AA5-8488-5574B98B77DC}.Release_ednrd_qmg|Any CPU.ActiveCfg = Release|Any CPU
		{5AA5425B-5392-4AA5-8488-5574B98B77DC}.Release_ednrd_qmg|x86.ActiveCfg = Release|Any CPU
		{5AA5425B-5392-4AA5-8488-5574B98B77DC}.Release_ednrd_staging|Any CPU.ActiveCfg = Release|Any CPU
		{5AA5425B-5392-4AA5-8488-5574B98B77DC}.Release_ednrd_staging|x86.ActiveCfg = Release|Any CPU
		{5AA5425B-5392-4AA5-8488-5574B98B77DC}.Release_unified_prod|Any CPU.ActiveCfg = Release|Any CPU
		{5AA5425B-5392-4AA5-8488-5574B98B77DC}.Release_unified_prod|x86.ActiveCfg = Release|Any CPU
		{5AA5425B-5392-4AA5-8488-5574B98B77DC}.Release_unified_staging|Any CPU.ActiveCfg = Release|Any CPU
		{5AA5425B-5392-4AA5-8488-5574B98B77DC}.Release_unified_staging|x86.ActiveCfg = Release|Any CPU
		{5AA5425B-5392-4AA5-8488-5574B98B77DC}.Release|Any CPU.ActiveCfg = Release|Any CPU
		{5AA5425B-5392-4AA5-8488-5574B98B77DC}.Release|Any CPU.Build.0 = Release|Any CPU
		{5AA5425B-5392-4AA5-8488-5574B98B77DC}.Release|x86.ActiveCfg = Release|Any CPU
		{5AA5425B-5392-4AA5-8488-5574B98B77DC}.SingleImage|Any CPU.ActiveCfg = EmaratechDev|Any CPU
		{5AA5425B-5392-4AA5-8488-5574B98B77DC}.SingleImage|x86.ActiveCfg = EmaratechDev|Any CPU
		{A99939FE-81C7-46C0-BB62-CD2658400D88}.CiklumDev|Any CPU.ActiveCfg = Release|Any CPU
		{A99939FE-81C7-46C0-BB62-CD2658400D88}.CiklumDev|Any CPU.Build.0 = Release|Any CPU
		{A99939FE-81C7-46C0-BB62-CD2658400D88}.CiklumDev|x86.ActiveCfg = EmaratechDev|Any CPU
		{A99939FE-81C7-46C0-BB62-CD2658400D88}.CiklumEnv|Any CPU.ActiveCfg = EmaratechDev|Any CPU
		{A99939FE-81C7-46C0-BB62-CD2658400D88}.CiklumEnv|x86.ActiveCfg = EmaratechDev|Any CPU
		{A99939FE-81C7-46C0-BB62-CD2658400D88}.CiklumStage|Any CPU.ActiveCfg = Release|Any CPU
		{A99939FE-81C7-46C0-BB62-CD2658400D88}.CiklumStage|Any CPU.Build.0 = Release|Any CPU
		{A99939FE-81C7-46C0-BB62-CD2658400D88}.CiklumStage|x86.ActiveCfg = EmaratechDev|Any CPU
		{A99939FE-81C7-46C0-BB62-CD2658400D88}.Debug_ednrd_prod|Any CPU.ActiveCfg = Debug|Any CPU
		{A99939FE-81C7-46C0-BB62-CD2658400D88}.Debug_ednrd_prod|x86.ActiveCfg = Debug|Any CPU
		{A99939FE-81C7-46C0-BB62-CD2658400D88}.Debug_ednrd_qmg|Any CPU.ActiveCfg = Debug|Any CPU
		{A99939FE-81C7-46C0-BB62-CD2658400D88}.Debug_ednrd_qmg|x86.ActiveCfg = Debug|Any CPU
		{A99939FE-81C7-46C0-BB62-CD2658400D88}.Debug_ednrd_staging|Any CPU.ActiveCfg = Debug|Any CPU
		{A99939FE-81C7-46C0-BB62-CD2658400D88}.Debug_ednrd_staging|x86.ActiveCfg = Debug|Any CPU
		{A99939FE-81C7-46C0-BB62-CD2658400D88}.Debug_fis_qmg|Any CPU.ActiveCfg = Debug|Any CPU
		{A99939FE-81C7-46C0-BB62-CD2658400D88}.Debug_fis_qmg|x86.ActiveCfg = Debug|Any CPU
		{A99939FE-81C7-46C0-BB62-CD2658400D88}.Debug_seaport_qmg|Any CPU.ActiveCfg = Debug|Any CPU
		{A99939FE-81C7-46C0-BB62-CD2658400D88}.Debug_seaport_qmg|x86.ActiveCfg = Debug|Any CPU
		{A99939FE-81C7-46C0-BB62-CD2658400D88}.debug_unified_dev|Any CPU.ActiveCfg = Debug|Any CPU
		{A99939FE-81C7-46C0-BB62-CD2658400D88}.debug_unified_dev|x86.ActiveCfg = Debug|Any CPU
		{A99939FE-81C7-46C0-BB62-CD2658400D88}.Debug_unified_qmg|Any CPU.ActiveCfg = Debug|Any CPU
		{A99939FE-81C7-46C0-BB62-CD2658400D88}.Debug_unified_qmg|x86.ActiveCfg = Debug|Any CPU
		{A99939FE-81C7-46C0-BB62-CD2658400D88}.Debug|Any CPU.ActiveCfg = Debug|Any CPU
		{A99939FE-81C7-46C0-BB62-CD2658400D88}.Debug|Any CPU.Build.0 = Debug|Any CPU
		{A99939FE-81C7-46C0-BB62-CD2658400D88}.Debug|x86.ActiveCfg = Debug|Any CPU
		{A99939FE-81C7-46C0-BB62-CD2658400D88}.EmaratechDev|Any CPU.ActiveCfg = EmaratechDev|Any CPU
		{A99939FE-81C7-46C0-BB62-CD2658400D88}.EmaratechDev|Any CPU.Build.0 = EmaratechDev|Any CPU
		{A99939FE-81C7-46C0-BB62-CD2658400D88}.EmaratechDev|x86.ActiveCfg = EmaratechDev|Any CPU
		{A99939FE-81C7-46C0-BB62-CD2658400D88}.EmaratechDevServer|Any CPU.ActiveCfg = EmaratechDev|Any CPU
		{A99939FE-81C7-46C0-BB62-CD2658400D88}.EmaratechDevServer|x86.ActiveCfg = EmaratechDev|Any CPU
		{A99939FE-81C7-46C0-BB62-CD2658400D88}.Release_ednrd_prod|Any CPU.ActiveCfg = Release|Any CPU
		{A99939FE-81C7-46C0-BB62-CD2658400D88}.Release_ednrd_prod|x86.ActiveCfg = Release|Any CPU
		{A99939FE-81C7-46C0-BB62-CD2658400D88}.Release_ednrd_qmg|Any CPU.ActiveCfg = Release|Any CPU
		{A99939FE-81C7-46C0-BB62-CD2658400D88}.Release_ednrd_qmg|x86.ActiveCfg = Release|Any CPU
		{A99939FE-81C7-46C0-BB62-CD2658400D88}.Release_ednrd_staging|Any CPU.ActiveCfg = Release|Any CPU
		{A99939FE-81C7-46C0-BB62-CD2658400D88}.Release_ednrd_staging|x86.ActiveCfg = Release|Any CPU
		{A99939FE-81C7-46C0-BB62-CD2658400D88}.Release_unified_prod|Any CPU.ActiveCfg = Release|Any CPU
		{A99939FE-81C7-46C0-BB62-CD2658400D88}.Release_unified_prod|x86.ActiveCfg = Release|Any CPU
		{A99939FE-81C7-46C0-BB62-CD2658400D88}.Release_unified_staging|Any CPU.ActiveCfg = Release|Any CPU
		{A99939FE-81C7-46C0-BB62-CD2658400D88}.Release_unified_staging|x86.ActiveCfg = Release|Any CPU
		{A99939FE-81C7-46C0-BB62-CD2658400D88}.Release|Any CPU.ActiveCfg = Release|Any CPU
		{A99939FE-81C7-46C0-BB62-CD2658400D88}.Release|Any CPU.Build.0 = Release|Any CPU
		{A99939FE-81C7-46C0-BB62-CD2658400D88}.Release|x86.ActiveCfg = Release|Any CPU
		{A99939FE-81C7-46C0-BB62-CD2658400D88}.SingleImage|Any CPU.ActiveCfg = EmaratechDev|Any CPU
		{A99939FE-81C7-46C0-BB62-CD2658400D88}.SingleImage|x86.ActiveCfg = EmaratechDev|Any CPU
		{33BECE03-CC65-4247-842B-D56473CA266C}.CiklumDev|Any CPU.ActiveCfg = Release|Any CPU
		{33BECE03-CC65-4247-842B-D56473CA266C}.CiklumDev|Any CPU.Build.0 = Release|Any CPU
		{33BECE03-CC65-4247-842B-D56473CA266C}.CiklumDev|x86.ActiveCfg = EmaratechDev|Any CPU
		{33BECE03-CC65-4247-842B-D56473CA266C}.CiklumDev|x86.Build.0 = EmaratechDev|Any CPU
		{33BECE03-CC65-4247-842B-D56473CA266C}.CiklumEnv|Any CPU.ActiveCfg = EmaratechDev|Any CPU
		{33BECE03-CC65-4247-842B-D56473CA266C}.CiklumEnv|Any CPU.Build.0 = EmaratechDev|Any CPU
		{33BECE03-CC65-4247-842B-D56473CA266C}.CiklumEnv|x86.ActiveCfg = EmaratechDev|Any CPU
		{33BECE03-CC65-4247-842B-D56473CA266C}.CiklumEnv|x86.Build.0 = EmaratechDev|Any CPU
		{33BECE03-CC65-4247-842B-D56473CA266C}.CiklumStage|Any CPU.ActiveCfg = Release|Any CPU
		{33BECE03-CC65-4247-842B-D56473CA266C}.CiklumStage|Any CPU.Build.0 = Release|Any CPU
		{33BECE03-CC65-4247-842B-D56473CA266C}.CiklumStage|x86.ActiveCfg = EmaratechDev|Any CPU
		{33BECE03-CC65-4247-842B-D56473CA266C}.CiklumStage|x86.Build.0 = EmaratechDev|Any CPU
		{33BECE03-CC65-4247-842B-D56473CA266C}.Debug_ednrd_prod|Any CPU.ActiveCfg = Debug|Any CPU
		{33BECE03-CC65-4247-842B-D56473CA266C}.Debug_ednrd_prod|Any CPU.Build.0 = Debug|Any CPU
		{33BECE03-CC65-4247-842B-D56473CA266C}.Debug_ednrd_prod|x86.ActiveCfg = Debug|Any CPU
		{33BECE03-CC65-4247-842B-D56473CA266C}.Debug_ednrd_prod|x86.Build.0 = Debug|Any CPU
		{33BECE03-CC65-4247-842B-D56473CA266C}.Debug_ednrd_qmg|Any CPU.ActiveCfg = Debug|Any CPU
		{33BECE03-CC65-4247-842B-D56473CA266C}.Debug_ednrd_qmg|Any CPU.Build.0 = Debug|Any CPU
		{33BECE03-CC65-4247-842B-D56473CA266C}.Debug_ednrd_qmg|x86.ActiveCfg = Debug|Any CPU
		{33BECE03-CC65-4247-842B-D56473CA266C}.Debug_ednrd_qmg|x86.Build.0 = Debug|Any CPU
		{33BECE03-CC65-4247-842B-D56473CA266C}.Debug_ednrd_staging|Any CPU.ActiveCfg = Debug|Any CPU
		{33BECE03-CC65-4247-842B-D56473CA266C}.Debug_ednrd_staging|Any CPU.Build.0 = Debug|Any CPU
		{33BECE03-CC65-4247-842B-D56473CA266C}.Debug_ednrd_staging|x86.ActiveCfg = Debug|Any CPU
		{33BECE03-CC65-4247-842B-D56473CA266C}.Debug_ednrd_staging|x86.Build.0 = Debug|Any CPU
		{33BECE03-CC65-4247-842B-D56473CA266C}.Debug_fis_qmg|Any CPU.ActiveCfg = Debug|Any CPU
		{33BECE03-CC65-4247-842B-D56473CA266C}.Debug_fis_qmg|Any CPU.Build.0 = Debug|Any CPU
		{33BECE03-CC65-4247-842B-D56473CA266C}.Debug_fis_qmg|x86.ActiveCfg = Debug|Any CPU
		{33BECE03-CC65-4247-842B-D56473CA266C}.Debug_fis_qmg|x86.Build.0 = Debug|Any CPU
		{33BECE03-CC65-4247-842B-D56473CA266C}.Debug_seaport_qmg|Any CPU.ActiveCfg = Debug|Any CPU
		{33BECE03-CC65-4247-842B-D56473CA266C}.Debug_seaport_qmg|Any CPU.Build.0 = Debug|Any CPU
		{33BECE03-CC65-4247-842B-D56473CA266C}.Debug_seaport_qmg|x86.ActiveCfg = Debug|Any CPU
		{33BECE03-CC65-4247-842B-D56473CA266C}.Debug_seaport_qmg|x86.Build.0 = Debug|Any CPU
		{33BECE03-CC65-4247-842B-D56473CA266C}.debug_unified_dev|Any CPU.ActiveCfg = Debug|Any CPU
		{33BECE03-CC65-4247-842B-D56473CA266C}.debug_unified_dev|Any CPU.Build.0 = Debug|Any CPU
		{33BECE03-CC65-4247-842B-D56473CA266C}.debug_unified_dev|x86.ActiveCfg = Debug|Any CPU
		{33BECE03-CC65-4247-842B-D56473CA266C}.debug_unified_dev|x86.Build.0 = Debug|Any CPU
		{33BECE03-CC65-4247-842B-D56473CA266C}.Debug_unified_qmg|Any CPU.ActiveCfg = Debug|Any CPU
		{33BECE03-CC65-4247-842B-D56473CA266C}.Debug_unified_qmg|Any CPU.Build.0 = Debug|Any CPU
		{33BECE03-CC65-4247-842B-D56473CA266C}.Debug_unified_qmg|x86.ActiveCfg = Debug|Any CPU
		{33BECE03-CC65-4247-842B-D56473CA266C}.Debug_unified_qmg|x86.Build.0 = Debug|Any CPU
		{33BECE03-CC65-4247-842B-D56473CA266C}.Debug|Any CPU.ActiveCfg = Debug|Any CPU
		{33BECE03-CC65-4247-842B-D56473CA266C}.Debug|Any CPU.Build.0 = Debug|Any CPU
		{33BECE03-CC65-4247-842B-D56473CA266C}.Debug|x86.ActiveCfg = Debug|Any CPU
		{33BECE03-CC65-4247-842B-D56473CA266C}.Debug|x86.Build.0 = Debug|Any CPU
		{33BECE03-CC65-4247-842B-D56473CA266C}.EmaratechDev|Any CPU.ActiveCfg = EmaratechDev|Any CPU
		{33BECE03-CC65-4247-842B-D56473CA266C}.EmaratechDev|Any CPU.Build.0 = EmaratechDev|Any CPU
		{33BECE03-CC65-4247-842B-D56473CA266C}.EmaratechDev|x86.ActiveCfg = EmaratechDev|Any CPU
		{33BECE03-CC65-4247-842B-D56473CA266C}.EmaratechDev|x86.Build.0 = EmaratechDev|Any CPU
		{33BECE03-CC65-4247-842B-D56473CA266C}.EmaratechDevServer|Any CPU.ActiveCfg = EmaratechDev|Any CPU
		{33BECE03-CC65-4247-842B-D56473CA266C}.EmaratechDevServer|Any CPU.Build.0 = EmaratechDev|Any CPU
		{33BECE03-CC65-4247-842B-D56473CA266C}.EmaratechDevServer|x86.ActiveCfg = EmaratechDev|Any CPU
		{33BECE03-CC65-4247-842B-D56473CA266C}.EmaratechDevServer|x86.Build.0 = EmaratechDev|Any CPU
		{33BECE03-CC65-4247-842B-D56473CA266C}.Release_ednrd_prod|Any CPU.ActiveCfg = Release|Any CPU
		{33BECE03-CC65-4247-842B-D56473CA266C}.Release_ednrd_prod|Any CPU.Build.0 = Release|Any CPU
		{33BECE03-CC65-4247-842B-D56473CA266C}.Release_ednrd_prod|x86.ActiveCfg = Release|Any CPU
		{33BECE03-CC65-4247-842B-D56473CA266C}.Release_ednrd_prod|x86.Build.0 = Release|Any CPU
		{33BECE03-CC65-4247-842B-D56473CA266C}.Release_ednrd_qmg|Any CPU.ActiveCfg = Release|Any CPU
		{33BECE03-CC65-4247-842B-D56473CA266C}.Release_ednrd_qmg|Any CPU.Build.0 = Release|Any CPU
		{33BECE03-CC65-4247-842B-D56473CA266C}.Release_ednrd_qmg|x86.ActiveCfg = Release|Any CPU
		{33BECE03-CC65-4247-842B-D56473CA266C}.Release_ednrd_qmg|x86.Build.0 = Release|Any CPU
		{33BECE03-CC65-4247-842B-D56473CA266C}.Release_ednrd_staging|Any CPU.ActiveCfg = Release|Any CPU
		{33BECE03-CC65-4247-842B-D56473CA266C}.Release_ednrd_staging|Any CPU.Build.0 = Release|Any CPU
		{33BECE03-CC65-4247-842B-D56473CA266C}.Release_ednrd_staging|x86.ActiveCfg = Release|Any CPU
		{33BECE03-CC65-4247-842B-D56473CA266C}.Release_ednrd_staging|x86.Build.0 = Release|Any CPU
		{33BECE03-CC65-4247-842B-D56473CA266C}.Release_unified_prod|Any CPU.ActiveCfg = Release|Any CPU
		{33BECE03-CC65-4247-842B-D56473CA266C}.Release_unified_prod|Any CPU.Build.0 = Release|Any CPU
		{33BECE03-CC65-4247-842B-D56473CA266C}.Release_unified_prod|x86.ActiveCfg = Release|Any CPU
		{33BECE03-CC65-4247-842B-D56473CA266C}.Release_unified_prod|x86.Build.0 = Release|Any CPU
		{33BECE03-CC65-4247-842B-D56473CA266C}.Release_unified_staging|Any CPU.ActiveCfg = Release|Any CPU
		{33BECE03-CC65-4247-842B-D56473CA266C}.Release_unified_staging|Any CPU.Build.0 = Release|Any CPU
		{33BECE03-CC65-4247-842B-D56473CA266C}.Release_unified_staging|x86.ActiveCfg = Release|Any CPU
		{33BECE03-CC65-4247-842B-D56473CA266C}.Release_unified_staging|x86.Build.0 = Release|Any CPU
		{33BECE03-CC65-4247-842B-D56473CA266C}.Release|Any CPU.ActiveCfg = Release|Any CPU
		{33BECE03-CC65-4247-842B-D56473CA266C}.Release|Any CPU.Build.0 = Release|Any CPU
		{33BECE03-CC65-4247-842B-D56473CA266C}.Release|x86.ActiveCfg = Release|Any CPU
		{33BECE03-CC65-4247-842B-D56473CA266C}.Release|x86.Build.0 = Release|Any CPU
		{33BECE03-CC65-4247-842B-D56473CA266C}.SingleImage|Any CPU.ActiveCfg = EmaratechDev|Any CPU
		{33BECE03-CC65-4247-842B-D56473CA266C}.SingleImage|Any CPU.Build.0 = EmaratechDev|Any CPU
		{33BECE03-CC65-4247-842B-D56473CA266C}.SingleImage|x86.ActiveCfg = EmaratechDev|Any CPU
		{33BECE03-CC65-4247-842B-D56473CA266C}.SingleImage|x86.Build.0 = EmaratechDev|Any CPU
		{7DF195A4-32B9-4FD1-8388-972345D01E70}.CiklumDev|Any CPU.ActiveCfg = Release|Any CPU
		{7DF195A4-32B9-4FD1-8388-972345D01E70}.CiklumDev|Any CPU.Build.0 = Release|Any CPU
		{7DF195A4-32B9-4FD1-8388-972345D01E70}.CiklumDev|x86.ActiveCfg = EmaratechDev|Any CPU
		{7DF195A4-32B9-4FD1-8388-972345D01E70}.CiklumEnv|Any CPU.ActiveCfg = EmaratechDev|Any CPU
		{7DF195A4-32B9-4FD1-8388-972345D01E70}.CiklumEnv|x86.ActiveCfg = EmaratechDev|Any CPU
		{7DF195A4-32B9-4FD1-8388-972345D01E70}.CiklumStage|Any CPU.ActiveCfg = Release|Any CPU
		{7DF195A4-32B9-4FD1-8388-972345D01E70}.CiklumStage|Any CPU.Build.0 = Release|Any CPU
		{7DF195A4-32B9-4FD1-8388-972345D01E70}.CiklumStage|x86.ActiveCfg = EmaratechDev|Any CPU
		{7DF195A4-32B9-4FD1-8388-972345D01E70}.Debug_ednrd_prod|Any CPU.ActiveCfg = Debug|Any CPU
		{7DF195A4-32B9-4FD1-8388-972345D01E70}.Debug_ednrd_prod|x86.ActiveCfg = Debug|Any CPU
		{7DF195A4-32B9-4FD1-8388-972345D01E70}.Debug_ednrd_qmg|Any CPU.ActiveCfg = Debug|Any CPU
		{7DF195A4-32B9-4FD1-8388-972345D01E70}.Debug_ednrd_qmg|x86.ActiveCfg = Debug|Any CPU
		{7DF195A4-32B9-4FD1-8388-972345D01E70}.Debug_ednrd_staging|Any CPU.ActiveCfg = Debug|Any CPU
		{7DF195A4-32B9-4FD1-8388-972345D01E70}.Debug_ednrd_staging|x86.ActiveCfg = Debug|Any CPU
		{7DF195A4-32B9-4FD1-8388-972345D01E70}.Debug_fis_qmg|Any CPU.ActiveCfg = Debug|Any CPU
		{7DF195A4-32B9-4FD1-8388-972345D01E70}.Debug_fis_qmg|x86.ActiveCfg = Debug|Any CPU
		{7DF195A4-32B9-4FD1-8388-972345D01E70}.Debug_seaport_qmg|Any CPU.ActiveCfg = Debug|Any CPU
		{7DF195A4-32B9-4FD1-8388-972345D01E70}.Debug_seaport_qmg|x86.ActiveCfg = Debug|Any CPU
		{7DF195A4-32B9-4FD1-8388-972345D01E70}.debug_unified_dev|Any CPU.ActiveCfg = Debug|Any CPU
		{7DF195A4-32B9-4FD1-8388-972345D01E70}.debug_unified_dev|x86.ActiveCfg = Debug|Any CPU
		{7DF195A4-32B9-4FD1-8388-972345D01E70}.Debug_unified_qmg|Any CPU.ActiveCfg = Debug|Any CPU
		{7DF195A4-32B9-4FD1-8388-972345D01E70}.Debug_unified_qmg|x86.ActiveCfg = Debug|Any CPU
		{7DF195A4-32B9-4FD1-8388-972345D01E70}.Debug|Any CPU.ActiveCfg = Debug|Any CPU
		{7DF195A4-32B9-4FD1-8388-972345D01E70}.Debug|Any CPU.Build.0 = Debug|Any CPU
		{7DF195A4-32B9-4FD1-8388-972345D01E70}.Debug|x86.ActiveCfg = Debug|Any CPU
		{7DF195A4-32B9-4FD1-8388-972345D01E70}.EmaratechDev|Any CPU.ActiveCfg = EmaratechDev|Any CPU
		{7DF195A4-32B9-4FD1-8388-972345D01E70}.EmaratechDev|Any CPU.Build.0 = EmaratechDev|Any CPU
		{7DF195A4-32B9-4FD1-8388-972345D01E70}.EmaratechDev|x86.ActiveCfg = EmaratechDev|Any CPU
		{7DF195A4-32B9-4FD1-8388-972345D01E70}.EmaratechDevServer|Any CPU.ActiveCfg = EmaratechDev|Any CPU
		{7DF195A4-32B9-4FD1-8388-972345D01E70}.EmaratechDevServer|x86.ActiveCfg = EmaratechDev|Any CPU
		{7DF195A4-32B9-4FD1-8388-972345D01E70}.Release_ednrd_prod|Any CPU.ActiveCfg = Release|Any CPU
		{7DF195A4-32B9-4FD1-8388-972345D01E70}.Release_ednrd_prod|x86.ActiveCfg = Release|Any CPU
		{7DF195A4-32B9-4FD1-8388-972345D01E70}.Release_ednrd_qmg|Any CPU.ActiveCfg = Release|Any CPU
		{7DF195A4-32B9-4FD1-8388-972345D01E70}.Release_ednrd_qmg|x86.ActiveCfg = Release|Any CPU
		{7DF195A4-32B9-4FD1-8388-972345D01E70}.Release_ednrd_staging|Any CPU.ActiveCfg = Release|Any CPU
		{7DF195A4-32B9-4FD1-8388-972345D01E70}.Release_ednrd_staging|x86.ActiveCfg = Release|Any CPU
		{7DF195A4-32B9-4FD1-8388-972345D01E70}.Release_unified_prod|Any CPU.ActiveCfg = Release|Any CPU
		{7DF195A4-32B9-4FD1-8388-972345D01E70}.Release_unified_prod|x86.ActiveCfg = Release|Any CPU
		{7DF195A4-32B9-4FD1-8388-972345D01E70}.Release_unified_staging|Any CPU.ActiveCfg = Release|Any CPU
		{7DF195A4-32B9-4FD1-8388-972345D01E70}.Release_unified_staging|x86.ActiveCfg = Release|Any CPU
		{7DF195A4-32B9-4FD1-8388-972345D01E70}.Release|Any CPU.ActiveCfg = Release|Any CPU
		{7DF195A4-32B9-4FD1-8388-972345D01E70}.Release|Any CPU.Build.0 = Release|Any CPU
		{7DF195A4-32B9-4FD1-8388-972345D01E70}.Release|x86.ActiveCfg = Release|Any CPU
		{7DF195A4-32B9-4FD1-8388-972345D01E70}.SingleImage|Any CPU.ActiveCfg = EmaratechDev|Any CPU
		{7DF195A4-32B9-4FD1-8388-972345D01E70}.SingleImage|x86.ActiveCfg = EmaratechDev|Any CPU
		{35F2B81C-0177-4609-897A-B8167CC64892}.CiklumDev|Any CPU.ActiveCfg = Release
		{35F2B81C-0177-4609-897A-B8167CC64892}.CiklumDev|x86.ActiveCfg = Debug
		{35F2B81C-0177-4609-897A-B8167CC64892}.CiklumDev|x86.Build.0 = Debug
		{35F2B81C-0177-4609-897A-B8167CC64892}.CiklumEnv|Any CPU.ActiveCfg = Debug
		{35F2B81C-0177-4609-897A-B8167CC64892}.CiklumEnv|Any CPU.Build.0 = Debug
		{35F2B81C-0177-4609-897A-B8167CC64892}.CiklumEnv|x86.ActiveCfg = Debug
		{35F2B81C-0177-4609-897A-B8167CC64892}.CiklumEnv|x86.Build.0 = Debug
		{35F2B81C-0177-4609-897A-B8167CC64892}.CiklumStage|Any CPU.ActiveCfg = Release
		{35F2B81C-0177-4609-897A-B8167CC64892}.CiklumStage|x86.ActiveCfg = Debug
		{35F2B81C-0177-4609-897A-B8167CC64892}.CiklumStage|x86.Build.0 = Debug
		{35F2B81C-0177-4609-897A-B8167CC64892}.Debug_ednrd_prod|Any CPU.ActiveCfg = Debug
		{35F2B81C-0177-4609-897A-B8167CC64892}.Debug_ednrd_prod|Any CPU.Build.0 = Debug
		{35F2B81C-0177-4609-897A-B8167CC64892}.Debug_ednrd_prod|x86.ActiveCfg = Debug
		{35F2B81C-0177-4609-897A-B8167CC64892}.Debug_ednrd_prod|x86.Build.0 = Debug
		{35F2B81C-0177-4609-897A-B8167CC64892}.Debug_ednrd_qmg|Any CPU.ActiveCfg = Debug
		{35F2B81C-0177-4609-897A-B8167CC64892}.Debug_ednrd_qmg|Any CPU.Build.0 = Debug
		{35F2B81C-0177-4609-897A-B8167CC64892}.Debug_ednrd_qmg|x86.ActiveCfg = Debug
		{35F2B81C-0177-4609-897A-B8167CC64892}.Debug_ednrd_qmg|x86.Build.0 = Debug
		{35F2B81C-0177-4609-897A-B8167CC64892}.Debug_ednrd_staging|Any CPU.ActiveCfg = Debug
		{35F2B81C-0177-4609-897A-B8167CC64892}.Debug_ednrd_staging|Any CPU.Build.0 = Debug
		{35F2B81C-0177-4609-897A-B8167CC64892}.Debug_ednrd_staging|x86.ActiveCfg = Debug
		{35F2B81C-0177-4609-897A-B8167CC64892}.Debug_ednrd_staging|x86.Build.0 = Debug
		{35F2B81C-0177-4609-897A-B8167CC64892}.Debug_fis_qmg|Any CPU.ActiveCfg = Debug
		{35F2B81C-0177-4609-897A-B8167CC64892}.Debug_fis_qmg|Any CPU.Build.0 = Debug
		{35F2B81C-0177-4609-897A-B8167CC64892}.Debug_fis_qmg|x86.ActiveCfg = Debug
		{35F2B81C-0177-4609-897A-B8167CC64892}.Debug_fis_qmg|x86.Build.0 = Debug
		{35F2B81C-0177-4609-897A-B8167CC64892}.Debug_seaport_qmg|Any CPU.ActiveCfg = Debug
		{35F2B81C-0177-4609-897A-B8167CC64892}.Debug_seaport_qmg|Any CPU.Build.0 = Debug
		{35F2B81C-0177-4609-897A-B8167CC64892}.Debug_seaport_qmg|x86.ActiveCfg = Debug
		{35F2B81C-0177-4609-897A-B8167CC64892}.Debug_seaport_qmg|x86.Build.0 = Debug
		{35F2B81C-0177-4609-897A-B8167CC64892}.debug_unified_dev|Any CPU.ActiveCfg = Debug
		{35F2B81C-0177-4609-897A-B8167CC64892}.debug_unified_dev|Any CPU.Build.0 = Debug
		{35F2B81C-0177-4609-897A-B8167CC64892}.debug_unified_dev|x86.ActiveCfg = Debug
		{35F2B81C-0177-4609-897A-B8167CC64892}.debug_unified_dev|x86.Build.0 = Debug
		{35F2B81C-0177-4609-897A-B8167CC64892}.Debug_unified_qmg|Any CPU.ActiveCfg = Debug
		{35F2B81C-0177-4609-897A-B8167CC64892}.Debug_unified_qmg|Any CPU.Build.0 = Debug
		{35F2B81C-0177-4609-897A-B8167CC64892}.Debug_unified_qmg|x86.ActiveCfg = Debug
		{35F2B81C-0177-4609-897A-B8167CC64892}.Debug_unified_qmg|x86.Build.0 = Debug
		{35F2B81C-0177-4609-897A-B8167CC64892}.Debug|Any CPU.ActiveCfg = Debug
		{35F2B81C-0177-4609-897A-B8167CC64892}.Debug|x86.ActiveCfg = Debug
		{35F2B81C-0177-4609-897A-B8167CC64892}.Debug|x86.Build.0 = Debug
		{35F2B81C-0177-4609-897A-B8167CC64892}.EmaratechDev|Any CPU.ActiveCfg = EmaratechDev
		{35F2B81C-0177-4609-897A-B8167CC64892}.EmaratechDev|x86.ActiveCfg = Debug
		{35F2B81C-0177-4609-897A-B8167CC64892}.EmaratechDev|x86.Build.0 = Debug
		{35F2B81C-0177-4609-897A-B8167CC64892}.EmaratechDevServer|Any CPU.ActiveCfg = Debug
		{35F2B81C-0177-4609-897A-B8167CC64892}.EmaratechDevServer|Any CPU.Build.0 = Debug
		{35F2B81C-0177-4609-897A-B8167CC64892}.EmaratechDevServer|x86.ActiveCfg = Debug
		{35F2B81C-0177-4609-897A-B8167CC64892}.EmaratechDevServer|x86.Build.0 = Debug
		{35F2B81C-0177-4609-897A-B8167CC64892}.Release_ednrd_prod|Any CPU.ActiveCfg = Release
		{35F2B81C-0177-4609-897A-B8167CC64892}.Release_ednrd_prod|Any CPU.Build.0 = Release
		{35F2B81C-0177-4609-897A-B8167CC64892}.Release_ednrd_prod|x86.ActiveCfg = Release
		{35F2B81C-0177-4609-897A-B8167CC64892}.Release_ednrd_prod|x86.Build.0 = Release
		{35F2B81C-0177-4609-897A-B8167CC64892}.Release_ednrd_qmg|Any CPU.ActiveCfg = Release
		{35F2B81C-0177-4609-897A-B8167CC64892}.Release_ednrd_qmg|Any CPU.Build.0 = Release
		{35F2B81C-0177-4609-897A-B8167CC64892}.Release_ednrd_qmg|x86.ActiveCfg = Release
		{35F2B81C-0177-4609-897A-B8167CC64892}.Release_ednrd_qmg|x86.Build.0 = Release
		{35F2B81C-0177-4609-897A-B8167CC64892}.Release_ednrd_staging|Any CPU.ActiveCfg = Release
		{35F2B81C-0177-4609-897A-B8167CC64892}.Release_ednrd_staging|Any CPU.Build.0 = Release
		{35F2B81C-0177-4609-897A-B8167CC64892}.Release_ednrd_staging|x86.ActiveCfg = Release
		{35F2B81C-0177-4609-897A-B8167CC64892}.Release_ednrd_staging|x86.Build.0 = Release
		{35F2B81C-0177-4609-897A-B8167CC64892}.Release_unified_prod|Any CPU.ActiveCfg = Release
		{35F2B81C-0177-4609-897A-B8167CC64892}.Release_unified_prod|Any CPU.Build.0 = Release
		{35F2B81C-0177-4609-897A-B8167CC64892}.Release_unified_prod|x86.ActiveCfg = Release
		{35F2B81C-0177-4609-897A-B8167CC64892}.Release_unified_prod|x86.Build.0 = Release
		{35F2B81C-0177-4609-897A-B8167CC64892}.Release_unified_staging|Any CPU.ActiveCfg = Release
		{35F2B81C-0177-4609-897A-B8167CC64892}.Release_unified_staging|Any CPU.Build.0 = Release
		{35F2B81C-0177-4609-897A-B8167CC64892}.Release_unified_staging|x86.ActiveCfg = Release
		{35F2B81C-0177-4609-897A-B8167CC64892}.Release_unified_staging|x86.Build.0 = Release
		{35F2B81C-0177-4609-897A-B8167CC64892}.Release|Any CPU.ActiveCfg = Release
		{35F2B81C-0177-4609-897A-B8167CC64892}.Release|x86.ActiveCfg = Release
		{35F2B81C-0177-4609-897A-B8167CC64892}.Release|x86.Build.0 = Release
		{35F2B81C-0177-4609-897A-B8167CC64892}.SingleImage|Any CPU.ActiveCfg = Debug
		{35F2B81C-0177-4609-897A-B8167CC64892}.SingleImage|Any CPU.Build.0 = Debug
		{35F2B81C-0177-4609-897A-B8167CC64892}.SingleImage|x86.ActiveCfg = Debug
		{35F2B81C-0177-4609-897A-B8167CC64892}.SingleImage|x86.Build.0 = Debug
		{93101ECC-E7CC-406E-8973-F0B9E6730F0D}.CiklumDev|Any CPU.ActiveCfg = Release|Any CPU
		{93101ECC-E7CC-406E-8973-F0B9E6730F0D}.CiklumDev|Any CPU.Build.0 = Release|Any CPU
		{93101ECC-E7CC-406E-8973-F0B9E6730F0D}.CiklumDev|x86.ActiveCfg = Release|Any CPU
		{93101ECC-E7CC-406E-8973-F0B9E6730F0D}.CiklumDev|x86.Build.0 = Release|Any CPU
		{93101ECC-E7CC-406E-8973-F0B9E6730F0D}.CiklumEnv|Any CPU.ActiveCfg = Release|Any CPU
		{93101ECC-E7CC-406E-8973-F0B9E6730F0D}.CiklumEnv|Any CPU.Build.0 = Release|Any CPU
		{93101ECC-E7CC-406E-8973-F0B9E6730F0D}.CiklumEnv|x86.ActiveCfg = Release|Any CPU
		{93101ECC-E7CC-406E-8973-F0B9E6730F0D}.CiklumEnv|x86.Build.0 = Release|Any CPU
		{93101ECC-E7CC-406E-8973-F0B9E6730F0D}.CiklumStage|Any CPU.ActiveCfg = Release|Any CPU
		{93101ECC-E7CC-406E-8973-F0B9E6730F0D}.CiklumStage|Any CPU.Build.0 = Release|Any CPU
		{93101ECC-E7CC-406E-8973-F0B9E6730F0D}.CiklumStage|x86.ActiveCfg = Release|Any CPU
		{93101ECC-E7CC-406E-8973-F0B9E6730F0D}.CiklumStage|x86.Build.0 = Release|Any CPU
		{93101ECC-E7CC-406E-8973-F0B9E6730F0D}.Debug_ednrd_prod|Any CPU.ActiveCfg = Debug|Any CPU
		{93101ECC-E7CC-406E-8973-F0B9E6730F0D}.Debug_ednrd_prod|Any CPU.Build.0 = Debug|Any CPU
		{93101ECC-E7CC-406E-8973-F0B9E6730F0D}.Debug_ednrd_prod|x86.ActiveCfg = Debug|Any CPU
		{93101ECC-E7CC-406E-8973-F0B9E6730F0D}.Debug_ednrd_prod|x86.Build.0 = Debug|Any CPU
		{93101ECC-E7CC-406E-8973-F0B9E6730F0D}.Debug_ednrd_qmg|Any CPU.ActiveCfg = Debug|Any CPU
		{93101ECC-E7CC-406E-8973-F0B9E6730F0D}.Debug_ednrd_qmg|Any CPU.Build.0 = Debug|Any CPU
		{93101ECC-E7CC-406E-8973-F0B9E6730F0D}.Debug_ednrd_qmg|x86.ActiveCfg = Debug|Any CPU
		{93101ECC-E7CC-406E-8973-F0B9E6730F0D}.Debug_ednrd_qmg|x86.Build.0 = Debug|Any CPU
		{93101ECC-E7CC-406E-8973-F0B9E6730F0D}.Debug_ednrd_staging|Any CPU.ActiveCfg = Debug|Any CPU
		{93101ECC-E7CC-406E-8973-F0B9E6730F0D}.Debug_ednrd_staging|Any CPU.Build.0 = Debug|Any CPU
		{93101ECC-E7CC-406E-8973-F0B9E6730F0D}.Debug_ednrd_staging|x86.ActiveCfg = Debug|Any CPU
		{93101ECC-E7CC-406E-8973-F0B9E6730F0D}.Debug_ednrd_staging|x86.Build.0 = Debug|Any CPU
		{93101ECC-E7CC-406E-8973-F0B9E6730F0D}.Debug_fis_qmg|Any CPU.ActiveCfg = Debug|Any CPU
		{93101ECC-E7CC-406E-8973-F0B9E6730F0D}.Debug_fis_qmg|Any CPU.Build.0 = Debug|Any CPU
		{93101ECC-E7CC-406E-8973-F0B9E6730F0D}.Debug_fis_qmg|x86.ActiveCfg = Debug|Any CPU
		{93101ECC-E7CC-406E-8973-F0B9E6730F0D}.Debug_fis_qmg|x86.Build.0 = Debug|Any CPU
		{93101ECC-E7CC-406E-8973-F0B9E6730F0D}.Debug_seaport_qmg|Any CPU.ActiveCfg = Debug|Any CPU
		{93101ECC-E7CC-406E-8973-F0B9E6730F0D}.Debug_seaport_qmg|Any CPU.Build.0 = Debug|Any CPU
		{93101ECC-E7CC-406E-8973-F0B9E6730F0D}.Debug_seaport_qmg|x86.ActiveCfg = Debug|Any CPU
		{93101ECC-E7CC-406E-8973-F0B9E6730F0D}.Debug_seaport_qmg|x86.Build.0 = Debug|Any CPU
		{93101ECC-E7CC-406E-8973-F0B9E6730F0D}.debug_unified_dev|Any CPU.ActiveCfg = Debug|Any CPU
		{93101ECC-E7CC-406E-8973-F0B9E6730F0D}.debug_unified_dev|Any CPU.Build.0 = Debug|Any CPU
		{93101ECC-E7CC-406E-8973-F0B9E6730F0D}.debug_unified_dev|x86.ActiveCfg = Debug|Any CPU
		{93101ECC-E7CC-406E-8973-F0B9E6730F0D}.debug_unified_dev|x86.Build.0 = Debug|Any CPU
		{93101ECC-E7CC-406E-8973-F0B9E6730F0D}.Debug_unified_qmg|Any CPU.ActiveCfg = Debug|Any CPU
		{93101ECC-E7CC-406E-8973-F0B9E6730F0D}.Debug_unified_qmg|Any CPU.Build.0 = Debug|Any CPU
		{93101ECC-E7CC-406E-8973-F0B9E6730F0D}.Debug_unified_qmg|x86.ActiveCfg = Debug|Any CPU
		{93101ECC-E7CC-406E-8973-F0B9E6730F0D}.Debug_unified_qmg|x86.Build.0 = Debug|Any CPU
		{93101ECC-E7CC-406E-8973-F0B9E6730F0D}.Debug|Any CPU.ActiveCfg = Debug|Any CPU
		{93101ECC-E7CC-406E-8973-F0B9E6730F0D}.Debug|Any CPU.Build.0 = Debug|Any CPU
		{93101ECC-E7CC-406E-8973-F0B9E6730F0D}.Debug|x86.ActiveCfg = Debug|Any CPU
		{93101ECC-E7CC-406E-8973-F0B9E6730F0D}.Debug|x86.Build.0 = Debug|Any CPU
		{93101ECC-E7CC-406E-8973-F0B9E6730F0D}.EmaratechDev|Any CPU.ActiveCfg = EmaratechDev|Any CPU
		{93101ECC-E7CC-406E-8973-F0B9E6730F0D}.EmaratechDev|Any CPU.Build.0 = EmaratechDev|Any CPU
		{93101ECC-E7CC-406E-8973-F0B9E6730F0D}.EmaratechDev|x86.ActiveCfg = Release|Any CPU
		{93101ECC-E7CC-406E-8973-F0B9E6730F0D}.EmaratechDev|x86.Build.0 = Release|Any CPU
		{93101ECC-E7CC-406E-8973-F0B9E6730F0D}.EmaratechDevServer|Any CPU.ActiveCfg = Release|Any CPU
		{93101ECC-E7CC-406E-8973-F0B9E6730F0D}.EmaratechDevServer|Any CPU.Build.0 = Release|Any CPU
		{93101ECC-E7CC-406E-8973-F0B9E6730F0D}.EmaratechDevServer|x86.ActiveCfg = Release|Any CPU
		{93101ECC-E7CC-406E-8973-F0B9E6730F0D}.EmaratechDevServer|x86.Build.0 = Release|Any CPU
		{93101ECC-E7CC-406E-8973-F0B9E6730F0D}.Release_ednrd_prod|Any CPU.ActiveCfg = Release|Any CPU
		{93101ECC-E7CC-406E-8973-F0B9E6730F0D}.Release_ednrd_prod|Any CPU.Build.0 = Release|Any CPU
		{93101ECC-E7CC-406E-8973-F0B9E6730F0D}.Release_ednrd_prod|x86.ActiveCfg = Release|Any CPU
		{93101ECC-E7CC-406E-8973-F0B9E6730F0D}.Release_ednrd_prod|x86.Build.0 = Release|Any CPU
		{93101ECC-E7CC-406E-8973-F0B9E6730F0D}.Release_ednrd_qmg|Any CPU.ActiveCfg = Release|Any CPU
		{93101ECC-E7CC-406E-8973-F0B9E6730F0D}.Release_ednrd_qmg|Any CPU.Build.0 = Release|Any CPU
		{93101ECC-E7CC-406E-8973-F0B9E6730F0D}.Release_ednrd_qmg|x86.ActiveCfg = Release|Any CPU
		{93101ECC-E7CC-406E-8973-F0B9E6730F0D}.Release_ednrd_qmg|x86.Build.0 = Release|Any CPU
		{93101ECC-E7CC-406E-8973-F0B9E6730F0D}.Release_ednrd_staging|Any CPU.ActiveCfg = Release|Any CPU
		{93101ECC-E7CC-406E-8973-F0B9E6730F0D}.Release_ednrd_staging|Any CPU.Build.0 = Release|Any CPU
		{93101ECC-E7CC-406E-8973-F0B9E6730F0D}.Release_ednrd_staging|x86.ActiveCfg = Release|Any CPU
		{93101ECC-E7CC-406E-8973-F0B9E6730F0D}.Release_ednrd_staging|x86.Build.0 = Release|Any CPU
		{93101ECC-E7CC-406E-8973-F0B9E6730F0D}.Release_unified_prod|Any CPU.ActiveCfg = Release|Any CPU
		{93101ECC-E7CC-406E-8973-F0B9E6730F0D}.Release_unified_prod|Any CPU.Build.0 = Release|Any CPU
		{93101ECC-E7CC-406E-8973-F0B9E6730F0D}.Release_unified_prod|x86.ActiveCfg = Release|Any CPU
		{93101ECC-E7CC-406E-8973-F0B9E6730F0D}.Release_unified_prod|x86.Build.0 = Release|Any CPU
		{93101ECC-E7CC-406E-8973-F0B9E6730F0D}.Release_unified_staging|Any CPU.ActiveCfg = Release|Any CPU
		{93101ECC-E7CC-406E-8973-F0B9E6730F0D}.Release_unified_staging|Any CPU.Build.0 = Release|Any CPU
		{93101ECC-E7CC-406E-8973-F0B9E6730F0D}.Release_unified_staging|x86.ActiveCfg = Release|Any CPU
		{93101ECC-E7CC-406E-8973-F0B9E6730F0D}.Release_unified_staging|x86.Build.0 = Release|Any CPU
		{93101ECC-E7CC-406E-8973-F0B9E6730F0D}.Release|Any CPU.ActiveCfg = Release|Any CPU
		{93101ECC-E7CC-406E-8973-F0B9E6730F0D}.Release|Any CPU.Build.0 = Release|Any CPU
		{93101ECC-E7CC-406E-8973-F0B9E6730F0D}.Release|x86.ActiveCfg = Release|Any CPU
		{93101ECC-E7CC-406E-8973-F0B9E6730F0D}.Release|x86.Build.0 = Release|Any CPU
		{93101ECC-E7CC-406E-8973-F0B9E6730F0D}.SingleImage|Any CPU.ActiveCfg = Release|Any CPU
		{93101ECC-E7CC-406E-8973-F0B9E6730F0D}.SingleImage|Any CPU.Build.0 = Release|Any CPU
		{93101ECC-E7CC-406E-8973-F0B9E6730F0D}.SingleImage|x86.ActiveCfg = Release|Any CPU
		{93101ECC-E7CC-406E-8973-F0B9E6730F0D}.SingleImage|x86.Build.0 = Release|Any CPU
	EndGlobalSection
	GlobalSection(SolutionProperties) = preSolution
		HideSolutionNode = FALSE
	EndGlobalSection
EndGlobal
